
Microsoft Visual Studio Solution File, Format Version 12.00
# Visual Studio Version 17
VisualStudioVersion = 17.14.36119.2 d17.14
MinimumVisualStudioVersion = 10.0.40219.1
Project("{FAE04EC0-301F-11D3-BF4B-00C04F79EFBC}") = "ServerskaAplikacija", "ServerskaAplikacija\ServerskaAplikacija.csproj", "{4D7E157F-D0E6-4B6C-AAE6-F09939E725BB}"
EndProject
Project("{FAE04EC0-301F-11D3-BF4B-00C04F79EFBC}") = "KlijentskaAplikacija", "KlijentskaAplikacija\KlijentskaAplikacija.csproj", "{49E061D0-2ABC-4D30-AF2C-63D3C17DF043}"
EndProject
Project("{FAE04EC0-301F-11D3-BF4B-00C04F79EFBC}") = "MreznaKomunikacija", "MreznaKomunikacija\MreznaKomunikacija.csproj", "{24A5CABE-39E4-42C2-82C3-FCBFBE05880F}"
EndProject
Global
	GlobalSection(SolutionConfigurationPlatforms) = preSolution
		Debug|Any CPU = Debug|Any CPU
		Release|Any CPU = Release|Any CPU
	EndGlobalSection
	GlobalSection(ProjectConfigurationPlatforms) = postSolution
		{4D7E157F-D0E6-4B6C-AAE6-F09939E725BB}.Debug|Any CPU.ActiveCfg = Debug|Any CPU
		{4D7E157F-D0E6-4B6C-AAE6-F09939E725BB}.Debug|Any CPU.Build.0 = Debug|Any CPU
		{4D7E157F-D0E6-4B6C-AAE6-F09939E725BB}.Release|Any CPU.ActiveCfg = Release|Any CPU
		{4D7E157F-D0E6-4B6C-AAE6-F09939E725BB}.Release|Any CPU.Build.0 = Release|Any CPU
		{49E061D0-2ABC-4D30-AF2C-63D3C17DF043}.Debug|Any CPU.ActiveCfg = Debug|Any CPU
		{49E061D0-2ABC-4D30-AF2C-63D3C17DF043}.Debug|Any CPU.Build.0 = Debug|Any CPU
		{49E061D0-2ABC-4D30-AF2C-63D3C17DF043}.Release|Any CPU.ActiveCfg = Release|Any CPU
		{49E061D0-2ABC-4D30-AF2C-63D3C17DF043}.Release|Any CPU.Build.0 = Release|Any CPU
		{24A5CABE-39E4-42C2-82C3-FCBFBE05880F}.Debug|Any CPU.ActiveCfg = Debug|Any CPU
		{24A5CABE-39E4-42C2-82C3-FCBFBE05880F}.Debug|Any CPU.Build.0 = Debug|Any CPU
		{24A5CABE-39E4-42C2-82C3-FCBFBE05880F}.Release|Any CPU.ActiveCfg = Release|Any CPU
		{24A5CABE-39E4-42C2-82C3-FCBFBE05880F}.Release|Any CPU.Build.0 = Release|Any CPU
	EndGlobalSection
	GlobalSection(SolutionProperties) = preSolution
		HideSolutionNode = FALSE
	EndGlobalSection
	GlobalSection(ExtensibilityGlobals) = postSolution
		SolutionGuid = {9A80D748-AFD3-47A3-8598-0E6EA4AD9F4C}
	EndGlobalSection
EndGlobal
